
Microsoft Visual Studio Solution File, Format Version 12.00
# Visual Studio Version 17
VisualStudioVersion = 17.3.32929.385
MinimumVisualStudioVersion = 10.0.40219.1
Project("{FAE04EC0-301F-11D3-BF4B-00C04F79EFBC}") = "society_management_system", "society_management_system\society_management_system.csproj", "{1210EBA2-E154-4B82-B4B8-5D0342393803}"
EndProject
Global
	GlobalSection(SolutionConfigurationPlatforms) = preSolution
		Debug|Any CPU = Debug|Any CPU
		Release|Any CPU = Release|Any CPU
	EndGlobalSection
	GlobalSection(ProjectConfigurationPlatforms) = postSolution
		{1210EBA2-E154-4B82-B4B8-5D0342393803}.Debug|Any CPU.ActiveCfg = Debug|Any CPU
		{1210EBA2-E154-4B82-B4B8-5D0342393803}.Debug|Any CPU.Build.0 = Debug|Any CPU
		{1210EBA2-E154-4B82-B4B8-5D0342393803}.Release|Any CPU.ActiveCfg = Release|Any CPU
		{1210EBA2-E154-4B82-B4B8-5D0342393803}.Release|Any CPU.Build.0 = Release|Any CPU
	EndGlobalSection
	GlobalSection(SolutionProperties) = preSolution
		HideSolutionNode = FALSE
	EndGlobalSection
	GlobalSection(ExtensibilityGlobals) = postSolution
		SolutionGuid = {4E04B3B0-24DE-4C64-9ECF-2FA53DA216E2}
	EndGlobalSection
EndGlobal
